
Microsoft Visual Studio Solution File, Format Version 12.00
# Visual Studio Version 17
VisualStudioVersion = 17.1.32421.90
MinimumVisualStudioVersion = 10.0.40219.1
Project("{8BC9CEB8-8B4A-11D0-8D11-00A0C91BC942}") = "Project3", "Project3\Project3.vcxproj", "{E5F88BB3-DF4F-465F-A592-46D667A29016}"
EndProject
Global
	GlobalSection(SolutionConfigurationPlatforms) = preSolution
		Debug|x64 = Debug|x64
		Debug|x86 = Debug|x86
		Release|x64 = Release|x64
		Release|x86 = Release|x86
	EndGlobalSection
	GlobalSection(ProjectConfigurationPlatforms) = postSolution
		{E5F88BB3-DF4F-465F-A592-46D667A29016}.Debug|x64.ActiveCfg = Debug|x64
		{E5F88BB3-DF4F-465F-A592-46D667A29016}.Debug|x64.Build.0 = Debug|x64
		{E5F88BB3-DF4F-465F-A592-46D667A29016}.Debug|x86.ActiveCfg = Debug|Win32
		{E5F88BB3-DF4F-465F-A592-46D667A29016}.Debug|x86.Build.0 = Debug|Win32
		{E5F88BB3-DF4F-465F-A592-46D667A29016}.Release|x64.ActiveCfg = Release|x64
		{E5F88BB3-DF4F-465F-A592-46D667A29016}.Release|x64.Build.0 = Release|x64
		{E5F88BB3-DF4F-465F-A592-46D667A29016}.Release|x86.ActiveCfg = Release|Win32
		{E5F88BB3-DF4F-465F-A592-46D667A29016}.Release|x86.Build.0 = Release|Win32
	EndGlobalSection
	GlobalSection(SolutionProperties) = preSolution
		HideSolutionNode = FALSE
	EndGlobalSection
	GlobalSection(ExtensibilityGlobals) = postSolution
		SolutionGuid = {6A228B62-4B64-4A5A-ABF9-FD9637109372}
	EndGlobalSection
EndGlobal
